
Microsoft Visual Studio Solution File, Format Version 12.00
# Visual Studio Version 16
VisualStudioVersion = 16.0.32126.315
MinimumVisualStudioVersion = 10.0.40219.1
Project("{2150E333-8FDC-42A3-9474-1A3956D46DE8}") = "Services", "Services", "{1F910808-6443-46F7-B4A3-17EFFE5EC476}"
EndProject
Project("{2150E333-8FDC-42A3-9474-1A3956D46DE8}") = "Catalog", "Catalog", "{0FF30471-36D8-42EB-9104-1E48882E0FA1}"
EndProject
Project("{FAE04EC0-301F-11D3-BF4B-00C04F79EFBC}") = "Catalog.API", "Services\Catalog\Catalog.API\Catalog.API.csproj", "{127542C5-90D5-4D56-8B97-008C7F436E37}"
EndProject
Project("{E53339B2-1760-4266-BCC7-CA923CBCF16C}") = "docker-compose", "docker-compose.dcproj", "{663DC0E2-A91B-455B-8E88-32B65E918F01}"
EndProject
Global
	GlobalSection(SolutionConfigurationPlatforms) = preSolution
		Debug|Any CPU = Debug|Any CPU
		Release|Any CPU = Release|Any CPU
	EndGlobalSection
	GlobalSection(ProjectConfigurationPlatforms) = postSolution
		{127542C5-90D5-4D56-8B97-008C7F436E37}.Debug|Any CPU.ActiveCfg = Debug|Any CPU
		{127542C5-90D5-4D56-8B97-008C7F436E37}.Debug|Any CPU.Build.0 = Debug|Any CPU
		{127542C5-90D5-4D56-8B97-008C7F436E37}.Release|Any CPU.ActiveCfg = Release|Any CPU
		{127542C5-90D5-4D56-8B97-008C7F436E37}.Release|Any CPU.Build.0 = Release|Any CPU
		{663DC0E2-A91B-455B-8E88-32B65E918F01}.Debug|Any CPU.ActiveCfg = Debug|Any CPU
		{663DC0E2-A91B-455B-8E88-32B65E918F01}.Debug|Any CPU.Build.0 = Debug|Any CPU
		{663DC0E2-A91B-455B-8E88-32B65E918F01}.Release|Any CPU.ActiveCfg = Release|Any CPU
		{663DC0E2-A91B-455B-8E88-32B65E918F01}.Release|Any CPU.Build.0 = Release|Any CPU
	EndGlobalSection
	GlobalSection(SolutionProperties) = preSolution
		HideSolutionNode = FALSE
	EndGlobalSection
	GlobalSection(NestedProjects) = preSolution
		{0FF30471-36D8-42EB-9104-1E48882E0FA1} = {1F910808-6443-46F7-B4A3-17EFFE5EC476}
		{127542C5-90D5-4D56-8B97-008C7F436E37} = {0FF30471-36D8-42EB-9104-1E48882E0FA1}
	EndGlobalSection
	GlobalSection(ExtensibilityGlobals) = postSolution
		SolutionGuid = {FF05BAEB-955F-43E9-962E-9633CA2BABD0}
	EndGlobalSection
EndGlobal
